
Microsoft Visual Studio Solution File, Format Version 12.00
Project("{FAE04EC0-301F-11D3-BF4B-00C04F79EFBC}") = "Commons", "Commons\Commons.csproj", "{5DE19502-38FF-4323-8013-F9B3DA1EC529}"
EndProject
Project("{FAE04EC0-301F-11D3-BF4B-00C04F79EFBC}") = "Tweaks", "Tweaks\Tweaks.csproj", "{B5E08010-DECE-4B4F-BAE7-01C47A312B6A}"
EndProject
Project("{FAE04EC0-301F-11D3-BF4B-00C04F79EFBC}") = "Admin", "Admin\Admin.csproj", "{313BFA33-7D8E-4C0C-A697-347C395A4002}"
EndProject
Global
	GlobalSection(SolutionConfigurationPlatforms) = preSolution
		Debug|Any CPU = Debug|Any CPU
		Release|Any CPU = Release|Any CPU
	EndGlobalSection
	GlobalSection(ProjectConfigurationPlatforms) = postSolution
		{5DE19502-38FF-4323-8013-F9B3DA1EC529}.Debug|Any CPU.ActiveCfg = Debug|Any CPU
		{5DE19502-38FF-4323-8013-F9B3DA1EC529}.Debug|Any CPU.Build.0 = Debug|Any CPU
		{5DE19502-38FF-4323-8013-F9B3DA1EC529}.Release|Any CPU.ActiveCfg = Release|Any CPU
		{5DE19502-38FF-4323-8013-F9B3DA1EC529}.Release|Any CPU.Build.0 = Release|Any CPU
		{B5E08010-DECE-4B4F-BAE7-01C47A312B6A}.Debug|Any CPU.ActiveCfg = Debug|Any CPU
		{B5E08010-DECE-4B4F-BAE7-01C47A312B6A}.Debug|Any CPU.Build.0 = Debug|Any CPU
		{B5E08010-DECE-4B4F-BAE7-01C47A312B6A}.Release|Any CPU.ActiveCfg = Release|Any CPU
		{B5E08010-DECE-4B4F-BAE7-01C47A312B6A}.Release|Any CPU.Build.0 = Release|Any CPU
		{313BFA33-7D8E-4C0C-A697-347C395A4002}.Debug|Any CPU.ActiveCfg = Debug|Any CPU
		{313BFA33-7D8E-4C0C-A697-347C395A4002}.Debug|Any CPU.Build.0 = Debug|Any CPU
		{313BFA33-7D8E-4C0C-A697-347C395A4002}.Release|Any CPU.ActiveCfg = Release|Any CPU
		{313BFA33-7D8E-4C0C-A697-347C395A4002}.Release|Any CPU.Build.0 = Release|Any CPU
	EndGlobalSection
EndGlobal
